Microsoft Visual Studio Solution File, Format Version 12.00
# Visual Studio Version 17
VisualStudioVersion = 17.14.35821.62
MinimumVisualStudioVersion = 10.0.40219.1
Project("{FAE04EC0-301F-11D3-BF4B-00C04F79EFBC}") = "Task_2", "Task_2\Task_2.csproj", "{5EDDF93C-3821-4229-848B-A7DABC04A816}"
EndProject
Global
	GlobalSection(SolutionConfigurationPlatforms) = preSolution
		Debug|Any CPU = Debug|Any CPU
		Release|Any CPU = Release|Any CPU
	EndGlobalSection
	GlobalSection(ProjectConfigurationPlatforms) = postSolution
		{5EDDF93C-3821-4229-848B-A7DABC04A816}.Debug|Any CPU.ActiveCfg = Debug|Any CPU
		{5EDDF93C-3821-4229-848B-A7DABC04A816}.Debug|Any CPU.Build.0 = Debug|Any CPU
		{5EDDF93C-3821-4229-848B-A7DABC04A816}.Release|Any CPU.ActiveCfg = Release|Any CPU
		{5EDDF93C-3821-4229-848B-A7DABC04A816}.Release|Any CPU.Build.0 = Release|Any CPU
	EndGlobalSection
	GlobalSection(SolutionProperties) = preSolution
		HideSolutionNode = FALSE
	EndGlobalSection
	GlobalSection(ExtensibilityGlobals) = postSolution
		SolutionGuid = {95071E3E-C063-4B6E-A1FF-7C17D44E448F}
	EndGlobalSection
EndGlobal
